
Microsoft Visual Studio Solution File, Format Version 12.00
# Visual Studio Version 17
VisualStudioVersion = 17.1.32421.90
MinimumVisualStudioVersion = 10.0.40219.1
Project("{FAE04EC0-301F-11D3-BF4B-00C04F79EFBC}") = "TaskOfCrypt", "TaskOfCrypt.csproj", "{7C8D4323-893A-4011-9473-293F749D3702}"
EndProject
Global
	GlobalSection(SolutionConfigurationPlatforms) = preSolution
		Debug|Any CPU = Debug|Any CPU
		Release|Any CPU = Release|Any CPU
	EndGlobalSection
	GlobalSection(ProjectConfigurationPlatforms) = postSolution
		{7C8D4323-893A-4011-9473-293F749D3702}.Debug|Any CPU.ActiveCfg = Debug|Any CPU
		{7C8D4323-893A-4011-9473-293F749D3702}.Debug|Any CPU.Build.0 = Debug|Any CPU
		{7C8D4323-893A-4011-9473-293F749D3702}.Release|Any CPU.ActiveCfg = Release|Any CPU
		{7C8D4323-893A-4011-9473-293F749D3702}.Release|Any CPU.Build.0 = Release|Any CPU
	EndGlobalSection
	GlobalSection(SolutionProperties) = preSolution
		HideSolutionNode = FALSE
	EndGlobalSection
	GlobalSection(ExtensibilityGlobals) = postSolution
		SolutionGuid = {BC639445-C493-4B2E-86AC-8A9FCD648DC9}
	EndGlobalSection
EndGlobal
